
Microsoft Visual Studio Solution File, Format Version 12.00
# Visual Studio Version 16
VisualStudioVersion = 16.0.30225.117
MinimumVisualStudioVersion = 10.0.40219.1
Project("{9A19103F-16F7-4668-BE54-9A1E7A4F7556}") = "TrafficLights", "TrafficLights\TrafficLights.csproj", "{B2667204-8590-4184-9DD4-C60823E1E49B}"
EndProject
Project("{9A19103F-16F7-4668-BE54-9A1E7A4F7556}") = "TrafficLights.Tests", "TrafficLights.Tests\TrafficLights.Tests.csproj", "{E4A72F25-9F4A-4509-8F27-6315A49B2486}"
EndProject
Global
	GlobalSection(SolutionConfigurationPlatforms) = preSolution
		Debug|Any CPU = Debug|Any CPU
		Release|Any CPU = Release|Any CPU
	EndGlobalSection
	GlobalSection(ProjectConfigurationPlatforms) = postSolution
		{B2667204-8590-4184-9DD4-C60823E1E49B}.Debug|Any CPU.ActiveCfg = Debug|Any CPU
		{B2667204-8590-4184-9DD4-C60823E1E49B}.Debug|Any CPU.Build.0 = Debug|Any CPU
		{B2667204-8590-4184-9DD4-C60823E1E49B}.Release|Any CPU.ActiveCfg = Release|Any CPU
		{B2667204-8590-4184-9DD4-C60823E1E49B}.Release|Any CPU.Build.0 = Release|Any CPU
		{E4A72F25-9F4A-4509-8F27-6315A49B2486}.Debug|Any CPU.ActiveCfg = Debug|Any CPU
		{E4A72F25-9F4A-4509-8F27-6315A49B2486}.Debug|Any CPU.Build.0 = Debug|Any CPU
		{E4A72F25-9F4A-4509-8F27-6315A49B2486}.Release|Any CPU.ActiveCfg = Release|Any CPU
		{E4A72F25-9F4A-4509-8F27-6315A49B2486}.Release|Any CPU.Build.0 = Release|Any CPU
	EndGlobalSection
	GlobalSection(SolutionProperties) = preSolution
		HideSolutionNode = FALSE
	EndGlobalSection
	GlobalSection(ExtensibilityGlobals) = postSolution
		SolutionGuid = {2FDDACD2-1960-4DF8-89D8-AC56727559E2}
	EndGlobalSection
EndGlobal
